
Microsoft Visual Studio Solution File, Format Version 12.00
# Visual Studio 15
VisualStudioVersion = 15.0.28307.902
MinimumVisualStudioVersion = 10.0.40219.1
Project("{FAE04EC0-301F-11D3-BF4B-00C04F79EFBC}") = "RabbitMqReceiverProject", "RabbitMqReceiverProject\RabbitMqReceiverProject.csproj", "{1F06F018-0BD9-4AEC-81B1-E80EBCC759AB}"
EndProject
Global
	GlobalSection(SolutionConfigurationPlatforms) = preSolution
		Debug|Any CPU = Debug|Any CPU
		Release|Any CPU = Release|Any CPU
	EndGlobalSection
	GlobalSection(ProjectConfigurationPlatforms) = postSolution
		{1F06F018-0BD9-4AEC-81B1-E80EBCC759AB}.Debug|Any CPU.ActiveCfg = Debug|Any CPU
		{1F06F018-0BD9-4AEC-81B1-E80EBCC759AB}.Debug|Any CPU.Build.0 = Debug|Any CPU
		{1F06F018-0BD9-4AEC-81B1-E80EBCC759AB}.Release|Any CPU.ActiveCfg = Release|Any CPU
		{1F06F018-0BD9-4AEC-81B1-E80EBCC759AB}.Release|Any CPU.Build.0 = Release|Any CPU
	EndGlobalSection
	GlobalSection(SolutionProperties) = preSolution
		HideSolutionNode = FALSE
	EndGlobalSection
	GlobalSection(ExtensibilityGlobals) = postSolution
		SolutionGuid = {8892038B-283A-4918-B92F-060C681B7984}
	EndGlobalSection
EndGlobal
